
Microsoft Visual Studio Solution File, Format Version 12.00
# Visual Studio Version 17
VisualStudioVersion = 17.11.35222.181
MinimumVisualStudioVersion = 10.0.40219.1
Project("{2150E333-8FDC-42A3-9474-1A3956D46DE8}") = "UI", "UI", "{DBCB2B42-243C-405B-896F-40BBA21086FC}"
EndProject
Project("{9A19103F-16F7-4668-BE54-9A1E7A4F7556}") = "MediaSorter.UI.CLI", "src\UI\MediaSorter.UI.CLI\MediaSorter.UI.CLI.csproj", "{ED518803-BA5D-4F3E-9B40-AA5AC47F9F7E}"
EndProject
Project("{9A19103F-16F7-4668-BE54-9A1E7A4F7556}") = "MediaSorter.Core", "src\MediaSorter.Core\MediaSorter.Core.csproj", "{CC72C739-C940-4C4A-AD82-BDF9D40AA581}"
EndProject
Project("{FAE04EC0-301F-11D3-BF4B-00C04F79EFBC}") = "MediaSorter.APP", "src\MediaSorter.APP\MediaSorter.APP.csproj", "{71772EC7-6A28-44AC-9FB0-49A36C7E29A7}"
EndProject
Project("{FAE04EC0-301F-11D3-BF4B-00C04F79EFBC}") = "MediaSorter.Infrastructure.FileSystem", "src\Infrastructure\MediaSorter.Infrastructure.FileSystem\MediaSorter.Infrastructure.FileSystem.csproj", "{7BB8E0FA-35B8-4C56-B81E-43DB5E33A2E1}"
EndProject
Project("{2150E333-8FDC-42A3-9474-1A3956D46DE8}") = "Infrastructure", "Infrastructure", "{21437933-00C1-4F3F-B239-155AF33920C4}"
EndProject
Project("{FAE04EC0-301F-11D3-BF4B-00C04F79EFBC}") = "MediaSorter.Infrastructure", "src\Infrastructure\MediaSorter.Infrastructure\MediaSorter.Infrastructure.csproj", "{C9CAF94E-E196-438C-9DE3-F5E195F7EE8B}"
EndProject
Global
	GlobalSection(SolutionConfigurationPlatforms) = preSolution
		Debug|Any CPU = Debug|Any CPU
		Release|Any CPU = Release|Any CPU
	EndGlobalSection
	GlobalSection(ProjectConfigurationPlatforms) = postSolution
		{ED518803-BA5D-4F3E-9B40-AA5AC47F9F7E}.Debug|Any CPU.ActiveCfg = Debug|Any CPU
		{ED518803-BA5D-4F3E-9B40-AA5AC47F9F7E}.Debug|Any CPU.Build.0 = Debug|Any CPU
		{ED518803-BA5D-4F3E-9B40-AA5AC47F9F7E}.Release|Any CPU.ActiveCfg = Release|Any CPU
		{ED518803-BA5D-4F3E-9B40-AA5AC47F9F7E}.Release|Any CPU.Build.0 = Release|Any CPU
		{CC72C739-C940-4C4A-AD82-BDF9D40AA581}.Debug|Any CPU.ActiveCfg = Debug|Any CPU
		{CC72C739-C940-4C4A-AD82-BDF9D40AA581}.Debug|Any CPU.Build.0 = Debug|Any CPU
		{CC72C739-C940-4C4A-AD82-BDF9D40AA581}.Release|Any CPU.ActiveCfg = Release|Any CPU
		{CC72C739-C940-4C4A-AD82-BDF9D40AA581}.Release|Any CPU.Build.0 = Release|Any CPU
		{71772EC7-6A28-44AC-9FB0-49A36C7E29A7}.Debug|Any CPU.ActiveCfg = Debug|Any CPU
		{71772EC7-6A28-44AC-9FB0-49A36C7E29A7}.Debug|Any CPU.Build.0 = Debug|Any CPU
		{71772EC7-6A28-44AC-9FB0-49A36C7E29A7}.Release|Any CPU.ActiveCfg = Release|Any CPU
		{71772EC7-6A28-44AC-9FB0-49A36C7E29A7}.Release|Any CPU.Build.0 = Release|Any CPU
		{7BB8E0FA-35B8-4C56-B81E-43DB5E33A2E1}.Debug|Any CPU.ActiveCfg = Debug|Any CPU
		{7BB8E0FA-35B8-4C56-B81E-43DB5E33A2E1}.Debug|Any CPU.Build.0 = Debug|Any CPU
		{7BB8E0FA-35B8-4C56-B81E-43DB5E33A2E1}.Release|Any CPU.ActiveCfg = Release|Any CPU
		{7BB8E0FA-35B8-4C56-B81E-43DB5E33A2E1}.Release|Any CPU.Build.0 = Release|Any CPU
		{C9CAF94E-E196-438C-9DE3-F5E195F7EE8B}.Debug|Any CPU.ActiveCfg = Debug|Any CPU
		{C9CAF94E-E196-438C-9DE3-F5E195F7EE8B}.Debug|Any CPU.Build.0 = Debug|Any CPU
		{C9CAF94E-E196-438C-9DE3-F5E195F7EE8B}.Release|Any CPU.ActiveCfg = Release|Any CPU
		{C9CAF94E-E196-438C-9DE3-F5E195F7EE8B}.Release|Any CPU.Build.0 = Release|Any CPU
	EndGlobalSection
	GlobalSection(SolutionProperties) = preSolution
		HideSolutionNode = FALSE
	EndGlobalSection
	GlobalSection(NestedProjects) = preSolution
		{ED518803-BA5D-4F3E-9B40-AA5AC47F9F7E} = {DBCB2B42-243C-405B-896F-40BBA21086FC}
		{7BB8E0FA-35B8-4C56-B81E-43DB5E33A2E1} = {21437933-00C1-4F3F-B239-155AF33920C4}
		{C9CAF94E-E196-438C-9DE3-F5E195F7EE8B} = {21437933-00C1-4F3F-B239-155AF33920C4}
	EndGlobalSection
	GlobalSection(ExtensibilityGlobals) = postSolution
		SolutionGuid = {16DF0B9F-8CA3-46CE-ABE4-DDC916CF1FDC}
	EndGlobalSection
EndGlobal
